// !$*UTF8*$!
{
	archiveVersion = 1;
	classes = {
	};
	objectVersion = 56;
	objects = {

/* Begin PBXBuildFile section */
		A22598582975660400FAC5F4 /* AppDelegate.swift in Sources */ = {isa = PBXBuildFile; fileRef = A22598572975660400FAC5F4 /* AppDelegate.swift */; };
		A225985A2975660400FAC5F4 /* SceneDelegate.swift in Sources */ = {isa = PBXBuildFile; fileRef = A22598592975660400FAC5F4 /* SceneDelegate.swift */; };
		A22598612975660600FAC5F4 /* Assets.xcassets in Resources */ = {isa = PBXBuildFile; fileRef = A22598602975660600FAC5F4 /* Assets.xcassets */; };
		A22598642975660600FAC5F4 /* LaunchScreen.storyboard in Resources */ = {isa = PBXBuildFile; fileRef = A22598622975660600FAC5F4 /* LaunchScreen.storyboard */; };
		A225986F29756F1200FAC5F4 /* CoordinatorProtocol.swift in Sources */ = {isa = PBXBuildFile; fileRef = A225986E29756F1200FAC5F4 /* CoordinatorProtocol.swift */; };
		A225987129756F2C00FAC5F4 /* AppCoordinator.swift in Sources */ = {isa = PBXBuildFile; fileRef = A225987029756F2C00FAC5F4 /* AppCoordinator.swift */; };
		A225987829756FB300FAC5F4 /* PokedexViewController.swift in Sources */ = {isa = PBXBuildFile; fileRef = A225987729756FB300FAC5F4 /* PokedexViewController.swift */; };
		A225987A29756FC600FAC5F4 /* PokedexPresenter.swift in Sources */ = {isa = PBXBuildFile; fileRef = A225987929756FC600FAC5F4 /* PokedexPresenter.swift */; };
		A225987C29756FD000FAC5F4 /* PokedexAssembly.swift in Sources */ = {isa = PBXBuildFile; fileRef = A225987B29756FD000FAC5F4 /* PokedexAssembly.swift */; };
		A225987F2975702100FAC5F4 /* PokedexPresenterProtocol.swift in Sources */ = {isa = PBXBuildFile; fileRef = A225987E2975702100FAC5F4 /* PokedexPresenterProtocol.swift */; };
		A22598812975702F00FAC5F4 /* PokedexViewProtocol.swift in Sources */ = {isa = PBXBuildFile; fileRef = A22598802975702F00FAC5F4 /* PokedexViewProtocol.swift */; };
		A22598842975720800FAC5F4 /* BaseViewController.swift in Sources */ = {isa = PBXBuildFile; fileRef = A22598832975720800FAC5F4 /* BaseViewController.swift */; };
		A22598862975730900FAC5F4 /* SceneDelegateService.swift in Sources */ = {isa = PBXBuildFile; fileRef = A22598852975730900FAC5F4 /* SceneDelegateService.swift */; };
		A22598882975732600FAC5F4 /* BaseNavigationController.swift in Sources */ = {isa = PBXBuildFile; fileRef = A22598872975732600FAC5F4 /* BaseNavigationController.swift */; };
		A225988B2975748C00FAC5F4 /* MagicLayout.swift in Sources */ = {isa = PBXBuildFile; fileRef = A225988A2975748C00FAC5F4 /* MagicLayout.swift */; };
		A22598902975771000FAC5F4 /* PokemonListResponse.swift in Sources */ = {isa = PBXBuildFile; fileRef = A225988F2975771000FAC5F4 /* PokemonListResponse.swift */; };
		A2259895297577EC00FAC5F4 /* PokedexCell.swift in Sources */ = {isa = PBXBuildFile; fileRef = A2259894297577EC00FAC5F4 /* PokedexCell.swift */; };
		A225989829757A6F00FAC5F4 /* SDWebImage in Frameworks */ = {isa = PBXBuildFile; productRef = A225989729757A6F00FAC5F4 /* SDWebImage */; };
		A225989A29757BA800FAC5F4 /* PokedexCell+Model.swift in Sources */ = {isa = PBXBuildFile; fileRef = A225989929757BA800FAC5F4 /* PokedexCell+Model.swift */; };
		A2C137152977D6F200252558 /* PokemonResponse.swift in Sources */ = {isa = PBXBuildFile; fileRef = A2C137142977D6F200252558 /* PokemonResponse.swift */; };
		A2C137172977D70400252558 /* PokemonSpeciesResponse.swift in Sources */ = {isa = PBXBuildFile; fileRef = A2C137162977D70400252558 /* PokemonSpeciesResponse.swift */; };
		A2C137192977E52400252558 /* Localizable.strings in Resources */ = {isa = PBXBuildFile; fileRef = A2C137182977E52400252558 /* Localizable.strings */; };
		A2C1371C2977E61D00252558 /* Strings+Pokedex.swift in Sources */ = {isa = PBXBuildFile; fileRef = A2C1371B2977E61D00252558 /* Strings+Pokedex.swift */; };
		A2CF291F2975AB5000A24F9C /* Constants.swift in Sources */ = {isa = PBXBuildFile; fileRef = A2CF291E2975AB5000A24F9C /* Constants.swift */; };
		A2CF29222975AEA300A24F9C /* Colors.xcassets in Resources */ = {isa = PBXBuildFile; fileRef = A2CF29212975AEA200A24F9C /* Colors.xcassets */; };
		A2D0C73A297FFB1E00AF6A17 /* TagView.swift in Sources */ = {isa = PBXBuildFile; fileRef = A2D0C739297FFB1E00AF6A17 /* TagView.swift */; };
		A2D0C73C297FFB2800AF6A17 /* TagView+Model.swift in Sources */ = {isa = PBXBuildFile; fileRef = A2D0C73B297FFB2800AF6A17 /* TagView+Model.swift */; };
		A2D0C73E297FFB6400AF6A17 /* TagViewItem.swift in Sources */ = {isa = PBXBuildFile; fileRef = A2D0C73D297FFB6400AF6A17 /* TagViewItem.swift */; };
		A2D0C740297FFB7100AF6A17 /* TagViewItem+Model.swift in Sources */ = {isa = PBXBuildFile; fileRef = A2D0C73F297FFB7100AF6A17 /* TagViewItem+Model.swift */; };
		A2D0C745298005DB00AF6A17 /* SF-Pro-Text-Medium.otf in Resources */ = {isa = PBXBuildFile; fileRef = A2D0C742298005DB00AF6A17 /* SF-Pro-Text-Medium.otf */; };
		A2D0C746298005DB00AF6A17 /* SF-Pro-Text-Regular.otf in Resources */ = {isa = PBXBuildFile; fileRef = A2D0C743298005DB00AF6A17 /* SF-Pro-Text-Regular.otf */; };
		A2D0C747298005DB00AF6A17 /* SF-Pro-Text-Bold.otf in Resources */ = {isa = PBXBuildFile; fileRef = A2D0C744298005DB00AF6A17 /* SF-Pro-Text-Bold.otf */; };
		A2D0C749298006DC00AF6A17 /* Fonts.swift in Sources */ = {isa = PBXBuildFile; fileRef = A2D0C748298006DC00AF6A17 /* Fonts.swift */; };
		A2D0C74B2980073D00AF6A17 /* TextHelper.swift in Sources */ = {isa = PBXBuildFile; fileRef = A2D0C74A2980073D00AF6A17 /* TextHelper.swift */; };
		A2D0C74D2980075D00AF6A17 /* TextHelper+Pokedex.swift in Sources */ = {isa = PBXBuildFile; fileRef = A2D0C74C2980075D00AF6A17 /* TextHelper+Pokedex.swift */; };
		A2D0C75029801A5100AF6A17 /* Images.xcassets in Resources */ = {isa = PBXBuildFile; fileRef = A2D0C74F29801A5100AF6A17 /* Images.xcassets */; };
		A2D0C75229801BB300AF6A17 /* Strings+Init.swift in Sources */ = {isa = PBXBuildFile; fileRef = A2D0C75129801BB300AF6A17 /* Strings+Init.swift */; };
		A2D0C7542980200900AF6A17 /* TextHelper+Init.swift in Sources */ = {isa = PBXBuildFile; fileRef = A2D0C7532980200900AF6A17 /* TextHelper+Init.swift */; };
		A2D0C757298024FF00AF6A17 /* Int+String.swift in Sources */ = {isa = PBXBuildFile; fileRef = A2D0C756298024FF00AF6A17 /* Int+String.swift */; };
		A2D0C75C298073AF00AF6A17 /* TextHelper+PokedexDetail.swift in Sources */ = {isa = PBXBuildFile; fileRef = A2D0C75B298073AF00AF6A17 /* TextHelper+PokedexDetail.swift */; };
		A2D0C75E2980853000AF6A17 /* String+PokedexDetail.swift in Sources */ = {isa = PBXBuildFile; fileRef = A2D0C75D2980853000AF6A17 /* String+PokedexDetail.swift */; };
		A2D45B4F2976B54B0050CE7C /* InitPresenterProtocol.swift in Sources */ = {isa = PBXBuildFile; fileRef = A2D45B4E2976B54B0050CE7C /* InitPresenterProtocol.swift */; };
		A2D45B512976B5590050CE7C /* InitViewProtocol.swift in Sources */ = {isa = PBXBuildFile; fileRef = A2D45B502976B5590050CE7C /* InitViewProtocol.swift */; };
		A2D45B532976B5660050CE7C /* InitViewController.swift in Sources */ = {isa = PBXBuildFile; fileRef = A2D45B522976B5660050CE7C /* InitViewController.swift */; };
		A2D45B552976B5700050CE7C /* InitPresenter.swift in Sources */ = {isa = PBXBuildFile; fileRef = A2D45B542976B5700050CE7C /* InitPresenter.swift */; };
		A2D45B572976B57B0050CE7C /* InitAssembly.swift in Sources */ = {isa = PBXBuildFile; fileRef = A2D45B562976B57B0050CE7C /* InitAssembly.swift */; };
		A2D45B5A2976BBD90050CE7C /* PokedexFlowCoordinator.swift in Sources */ = {isa = PBXBuildFile; fileRef = A2D45B592976BBD90050CE7C /* PokedexFlowCoordinator.swift */; };
		A2D45B5E2976BE1B0050CE7C /* PokedexDetailPresenterProtocol.swift in Sources */ = {isa = PBXBuildFile; fileRef = A2D45B5D2976BE1B0050CE7C /* PokedexDetailPresenterProtocol.swift */; };
		A2D45B602976BE2A0050CE7C /* PokedexDetailViewProtocol.swift in Sources */ = {isa = PBXBuildFile; fileRef = A2D45B5F2976BE2A0050CE7C /* PokedexDetailViewProtocol.swift */; };
		A2D45B622976BE350050CE7C /* PokedexDetailViewController.swift in Sources */ = {isa = PBXBuildFile; fileRef = A2D45B612976BE350050CE7C /* PokedexDetailViewController.swift */; };
		A2D45B642976BE490050CE7C /* PokedexDetailPresenter.swift in Sources */ = {isa = PBXBuildFile; fileRef = A2D45B632976BE490050CE7C /* PokedexDetailPresenter.swift */; };
		A2D45B662976BE570050CE7C /* PokedexDetailAssembly.swift in Sources */ = {isa = PBXBuildFile; fileRef = A2D45B652976BE570050CE7C /* PokedexDetailAssembly.swift */; };
		A2D45B692976C24D0050CE7C /* LaunchScreenAssets.xcassets in Resources */ = {isa = PBXBuildFile; fileRef = A2D45B682976C24D0050CE7C /* LaunchScreenAssets.xcassets */; };
		A2D45B6C2976CC3D0050CE7C /* Colors.swift in Sources */ = {isa = PBXBuildFile; fileRef = A2D45B6B2976CC3D0050CE7C /* Colors.swift */; };
		A2D45B6F2976D1A80050CE7C /* RoundButton.swift in Sources */ = {isa = PBXBuildFile; fileRef = A2D45B6E2976D1A80050CE7C /* RoundButton.swift */; };
		A2D45B712976D22C0050CE7C /* PokedexButton.swift in Sources */ = {isa = PBXBuildFile; fileRef = A2D45B702976D22C0050CE7C /* PokedexButton.swift */; };
		A2DE4F0F29770A8700222772 /* InitModel.swift in Sources */ = {isa = PBXBuildFile; fileRef = A2DE4F0E29770A8700222772 /* InitModel.swift */; };
		A2DE4F11297717F700222772 /* NavigationButton.swift in Sources */ = {isa = PBXBuildFile; fileRef = A2DE4F10297717F700222772 /* NavigationButton.swift */; };
		A2DE4F132977180E00222772 /* NavigationButtonType.swift in Sources */ = {isa = PBXBuildFile; fileRef = A2DE4F122977180E00222772 /* NavigationButtonType.swift */; };
		A2DE4F172977305E00222772 /* PokedexModel.swift in Sources */ = {isa = PBXBuildFile; fileRef = A2DE4F162977305E00222772 /* PokedexModel.swift */; };
		A2DE4F192977306B00222772 /* PokedexDetailModel.swift in Sources */ = {isa = PBXBuildFile; fileRef = A2DE4F182977306B00222772 /* PokedexDetailModel.swift */; };
		A2DE4F1D29774F3D00222772 /* Moya in Frameworks */ = {isa = PBXBuildFile; productRef = A2DE4F1C29774F3D00222772 /* Moya */; };
		A2DE4F1F29774FDB00222772 /* PokedexTarget.swift in Sources */ = {isa = PBXBuildFile; fileRef = A2DE4F1E29774FDB00222772 /* PokedexTarget.swift */; };
		A2DE4F2129774FE800222772 /* PokedexManager.swift in Sources */ = {isa = PBXBuildFile; fileRef = A2DE4F2029774FE800222772 /* PokedexManager.swift */; };
		A2DE4F2329774FF700222772 /* PokedexManagerProtocol.swift in Sources */ = {isa = PBXBuildFile; fileRef = A2DE4F2229774FF700222772 /* PokedexManagerProtocol.swift */; };
		A2DE4F262977526A00222772 /* PokemonListDTO.swift in Sources */ = {isa = PBXBuildFile; fileRef = A2DE4F252977526A00222772 /* PokemonListDTO.swift */; };
/* End PBXBuildFile section */

/* Begin PBXFileReference section */
		A22598542975660400FAC5F4 /* PokedexDemo.app */ = {isa = PBXFileReference; explicitFileType = wrapper.application; includeInIndex = 0; path = PokedexDemo.app; sourceTree = BUILT_PRODUCTS_DIR; };
		A22598572975660400FAC5F4 /* AppDelegate.swift */ = {isa = PBXFileReference; lastKnownFileType = sourcecode.swift; path = AppDelegate.swift; sourceTree = "<group>"; };
		A22598592975660400FAC5F4 /* SceneDelegate.swift */ = {isa = PBXFileReference; lastKnownFileType = sourcecode.swift; path = SceneDelegate.swift; sourceTree = "<group>"; };
		A22598602975660600FAC5F4 /* Assets.xcassets */ = {isa = PBXFileReference; lastKnownFileType = folder.assetcatalog; path = Assets.xcassets; sourceTree = "<group>"; };
		A22598632975660600FAC5F4 /* Base */ = {isa = PBXFileReference; lastKnownFileType = file.storyboard; name = Base; path = Base.lproj/LaunchScreen.storyboard; sourceTree = "<group>"; };
		A22598652975660600FAC5F4 /* Info.plist */ = {isa = PBXFileReference; lastKnownFileType = text.plist.xml; path = Info.plist; sourceTree = "<group>"; };
		A225986E29756F1200FAC5F4 /* CoordinatorProtocol.swift */ = {isa = PBXFileReference; lastKnownFileType = sourcecode.swift; path = CoordinatorProtocol.swift; sourceTree = "<group>"; };
		A225987029756F2C00FAC5F4 /* AppCoordinator.swift */ = {isa = PBXFileReference; lastKnownFileType = sourcecode.swift; path = AppCoordinator.swift; sourceTree = "<group>"; };
		A225987729756FB300FAC5F4 /* PokedexViewController.swift */ = {isa = PBXFileReference; lastKnownFileType = sourcecode.swift; path = PokedexViewController.swift; sourceTree = "<group>"; };
		A225987929756FC600FAC5F4 /* PokedexPresenter.swift */ = {isa = PBXFileReference; lastKnownFileType = sourcecode.swift; path = PokedexPresenter.swift; sourceTree = "<group>"; };
		A225987B29756FD000FAC5F4 /* PokedexAssembly.swift */ = {isa = PBXFileReference; lastKnownFileType = sourcecode.swift; path = PokedexAssembly.swift; sourceTree = "<group>"; };
		A225987E2975702100FAC5F4 /* PokedexPresenterProtocol.swift */ = {isa = PBXFileReference; lastKnownFileType = sourcecode.swift; path = PokedexPresenterProtocol.swift; sourceTree = "<group>"; };
		A22598802975702F00FAC5F4 /* PokedexViewProtocol.swift */ = {isa = PBXFileReference; lastKnownFileType = sourcecode.swift; path = PokedexViewProtocol.swift; sourceTree = "<group>"; };
		A22598832975720800FAC5F4 /* BaseViewController.swift */ = {isa = PBXFileReference; lastKnownFileType = sourcecode.swift; path = BaseViewController.swift; sourceTree = "<group>"; };
		A22598852975730900FAC5F4 /* SceneDelegateService.swift */ = {isa = PBXFileReference; lastKnownFileType = sourcecode.swift; path = SceneDelegateService.swift; sourceTree = "<group>"; };
		A22598872975732600FAC5F4 /* BaseNavigationController.swift */ = {isa = PBXFileReference; lastKnownFileType = sourcecode.swift; path = BaseNavigationController.swift; sourceTree = "<group>"; };
		A225988A2975748C00FAC5F4 /* MagicLayout.swift */ = {isa = PBXFileReference; fileEncoding = 4; lastKnownFileType = sourcecode.swift; path = MagicLayout.swift; sourceTree = "<group>"; };
		A225988F2975771000FAC5F4 /* PokemonListResponse.swift */ = {isa = PBXFileReference; lastKnownFileType = sourcecode.swift; path = PokemonListResponse.swift; sourceTree = "<group>"; };
		A2259894297577EC00FAC5F4 /* PokedexCell.swift */ = {isa = PBXFileReference; lastKnownFileType = sourcecode.swift; path = PokedexCell.swift; sourceTree = "<group>"; };
		A225989929757BA800FAC5F4 /* PokedexCell+Model.swift */ = {isa = PBXFileReference; lastKnownFileType = sourcecode.swift; path = "PokedexCell+Model.swift"; sourceTree = "<group>"; };
		A2C137142977D6F200252558 /* PokemonResponse.swift */ = {isa = PBXFileReference; lastKnownFileType = sourcecode.swift; path = PokemonResponse.swift; sourceTree = "<group>"; };
		A2C137162977D70400252558 /* PokemonSpeciesResponse.swift */ = {isa = PBXFileReference; lastKnownFileType = sourcecode.swift; path = PokemonSpeciesResponse.swift; sourceTree = "<group>"; };
		A2C137182977E52400252558 /* Localizable.strings */ = {isa = PBXFileReference; lastKnownFileType = text.plist.strings; path = Localizable.strings; sourceTree = "<group>"; };
		A2C1371B2977E61D00252558 /* Strings+Pokedex.swift */ = {isa = PBXFileReference; lastKnownFileType = sourcecode.swift; path = "Strings+Pokedex.swift"; sourceTree = "<group>"; };
		A2CF291E2975AB5000A24F9C /* Constants.swift */ = {isa = PBXFileReference; lastKnownFileType = sourcecode.swift; path = Constants.swift; sourceTree = "<group>"; };
		A2CF29212975AEA200A24F9C /* Colors.xcassets */ = {isa = PBXFileReference; lastKnownFileType = folder.assetcatalog; path = Colors.xcassets; sourceTree = "<group>"; };
		A2D0C739297FFB1E00AF6A17 /* TagView.swift */ = {isa = PBXFileReference; lastKnownFileType = sourcecode.swift; path = TagView.swift; sourceTree = "<group>"; };
		A2D0C73B297FFB2800AF6A17 /* TagView+Model.swift */ = {isa = PBXFileReference; lastKnownFileType = sourcecode.swift; path = "TagView+Model.swift"; sourceTree = "<group>"; };
		A2D0C73D297FFB6400AF6A17 /* TagViewItem.swift */ = {isa = PBXFileReference; lastKnownFileType = sourcecode.swift; path = TagViewItem.swift; sourceTree = "<group>"; };
		A2D0C73F297FFB7100AF6A17 /* TagViewItem+Model.swift */ = {isa = PBXFileReference; lastKnownFileType = sourcecode.swift; path = "TagViewItem+Model.swift"; sourceTree = "<group>"; };
		A2D0C742298005DB00AF6A17 /* SF-Pro-Text-Medium.otf */ = {isa = PBXFileReference; lastKnownFileType = file; path = "SF-Pro-Text-Medium.otf"; sourceTree = "<group>"; };
		A2D0C743298005DB00AF6A17 /* SF-Pro-Text-Regular.otf */ = {isa = PBXFileReference; lastKnownFileType = file; path = "SF-Pro-Text-Regular.otf"; sourceTree = "<group>"; };
		A2D0C744298005DB00AF6A17 /* SF-Pro-Text-Bold.otf */ = {isa = PBXFileReference; lastKnownFileType = file; path = "SF-Pro-Text-Bold.otf"; sourceTree = "<group>"; };
		A2D0C748298006DC00AF6A17 /* Fonts.swift */ = {isa = PBXFileReference; lastKnownFileType = sourcecode.swift; path = Fonts.swift; sourceTree = "<group>"; };
		A2D0C74A2980073D00AF6A17 /* TextHelper.swift */ = {isa = PBXFileReference; lastKnownFileType = sourcecode.swift; path = TextHelper.swift; sourceTree = "<group>"; };
		A2D0C74C2980075D00AF6A17 /* TextHelper+Pokedex.swift */ = {isa = PBXFileReference; lastKnownFileType = sourcecode.swift; path = "TextHelper+Pokedex.swift"; sourceTree = "<group>"; };
		A2D0C74F29801A5100AF6A17 /* Images.xcassets */ = {isa = PBXFileReference; lastKnownFileType = folder.assetcatalog; path = Images.xcassets; sourceTree = "<group>"; };
		A2D0C75129801BB300AF6A17 /* Strings+Init.swift */ = {isa = PBXFileReference; lastKnownFileType = sourcecode.swift; path = "Strings+Init.swift"; sourceTree = "<group>"; };
		A2D0C7532980200900AF6A17 /* TextHelper+Init.swift */ = {isa = PBXFileReference; lastKnownFileType = sourcecode.swift; path = "TextHelper+Init.swift"; sourceTree = "<group>"; };
		A2D0C756298024FF00AF6A17 /* Int+String.swift */ = {isa = PBXFileReference; lastKnownFileType = sourcecode.swift; path = "Int+String.swift"; sourceTree = "<group>"; };
		A2D0C75B298073AF00AF6A17 /* TextHelper+PokedexDetail.swift */ = {isa = PBXFileReference; lastKnownFileType = sourcecode.swift; path = "TextHelper+PokedexDetail.swift"; sourceTree = "<group>"; };
		A2D0C75D2980853000AF6A17 /* String+PokedexDetail.swift */ = {isa = PBXFileReference; lastKnownFileType = sourcecode.swift; path = "String+PokedexDetail.swift"; sourceTree = "<group>"; };
		A2D45B4E2976B54B0050CE7C /* InitPresenterProtocol.swift */ = {isa = PBXFileReference; lastKnownFileType = sourcecode.swift; path = InitPresenterProtocol.swift; sourceTree = "<group>"; };
		A2D45B502976B5590050CE7C /* InitViewProtocol.swift */ = {isa = PBXFileReference; lastKnownFileType = sourcecode.swift; path = InitViewProtocol.swift; sourceTree = "<group>"; };
		A2D45B522976B5660050CE7C /* InitViewController.swift */ = {isa = PBXFileReference; lastKnownFileType = sourcecode.swift; path = InitViewController.swift; sourceTree = "<group>"; };
		A2D45B542976B5700050CE7C /* InitPresenter.swift */ = {isa = PBXFileReference; lastKnownFileType = sourcecode.swift; path = InitPresenter.swift; sourceTree = "<group>"; };
		A2D45B562976B57B0050CE7C /* InitAssembly.swift */ = {isa = PBXFileReference; lastKnownFileType = sourcecode.swift; path = InitAssembly.swift; sourceTree = "<group>"; };
		A2D45B592976BBD90050CE7C /* PokedexFlowCoordinator.swift */ = {isa = PBXFileReference; lastKnownFileType = sourcecode.swift; path = PokedexFlowCoordinator.swift; sourceTree = "<group>"; };
		A2D45B5D2976BE1B0050CE7C /* PokedexDetailPresenterProtocol.swift */ = {isa = PBXFileReference; lastKnownFileType = sourcecode.swift; path = PokedexDetailPresenterProtocol.swift; sourceTree = "<group>"; };
		A2D45B5F2976BE2A0050CE7C /* PokedexDetailViewProtocol.swift */ = {isa = PBXFileReference; lastKnownFileType = sourcecode.swift; path = PokedexDetailViewProtocol.swift; sourceTree = "<group>"; };
		A2D45B612976BE350050CE7C /* PokedexDetailViewController.swift */ = {isa = PBXFileReference; lastKnownFileType = sourcecode.swift; path = PokedexDetailViewController.swift; sourceTree = "<group>"; };
		A2D45B632976BE490050CE7C /* PokedexDetailPresenter.swift */ = {isa = PBXFileReference; lastKnownFileType = sourcecode.swift; path = PokedexDetailPresenter.swift; sourceTree = "<group>"; };
		A2D45B652976BE570050CE7C /* PokedexDetailAssembly.swift */ = {isa = PBXFileReference; lastKnownFileType = sourcecode.swift; path = PokedexDetailAssembly.swift; sourceTree = "<group>"; };
		A2D45B682976C24D0050CE7C /* LaunchScreenAssets.xcassets */ = {isa = PBXFileReference; lastKnownFileType = folder.assetcatalog; path = LaunchScreenAssets.xcassets; sourceTree = "<group>"; };
		A2D45B6B2976CC3D0050CE7C /* Colors.swift */ = {isa = PBXFileReference; lastKnownFileType = sourcecode.swift; path = Colors.swift; sourceTree = "<group>"; };
		A2D45B6E2976D1A80050CE7C /* RoundButton.swift */ = {isa = PBXFileReference; lastKnownFileType = sourcecode.swift; path = RoundButton.swift; sourceTree = "<group>"; };
		A2D45B702976D22C0050CE7C /* PokedexButton.swift */ = {isa = PBXFileReference; lastKnownFileType = sourcecode.swift; path = PokedexButton.swift; sourceTree = "<group>"; };
		A2DE4F0E29770A8700222772 /* InitModel.swift */ = {isa = PBXFileReference; lastKnownFileType = sourcecode.swift; path = InitModel.swift; sourceTree = "<group>"; };
		A2DE4F10297717F700222772 /* NavigationButton.swift */ = {isa = PBXFileReference; lastKnownFileType = sourcecode.swift; path = NavigationButton.swift; sourceTree = "<group>"; };
		A2DE4F122977180E00222772 /* NavigationButtonType.swift */ = {isa = PBXFileReference; lastKnownFileType = sourcecode.swift; path = NavigationButtonType.swift; sourceTree = "<group>"; };
		A2DE4F162977305E00222772 /* PokedexModel.swift */ = {isa = PBXFileReference; lastKnownFileType = sourcecode.swift; path = PokedexModel.swift; sourceTree = "<group>"; };
		A2DE4F182977306B00222772 /* PokedexDetailModel.swift */ = {isa = PBXFileReference; lastKnownFileType = sourcecode.swift; path = PokedexDetailModel.swift; sourceTree = "<group>"; };
		A2DE4F1E29774FDB00222772 /* PokedexTarget.swift */ = {isa = PBXFileReference; lastKnownFileType = sourcecode.swift; path = PokedexTarget.swift; sourceTree = "<group>"; };
		A2DE4F2029774FE800222772 /* PokedexManager.swift */ = {isa = PBXFileReference; lastKnownFileType = sourcecode.swift; path = PokedexManager.swift; sourceTree = "<group>"; };
		A2DE4F2229774FF700222772 /* PokedexManagerProtocol.swift */ = {isa = PBXFileReference; lastKnownFileType = sourcecode.swift; path = PokedexManagerProtocol.swift; sourceTree = "<group>"; };
		A2DE4F252977526A00222772 /* PokemonListDTO.swift */ = {isa = PBXFileReference; lastKnownFileType = sourcecode.swift; path = PokemonListDTO.swift; sourceTree = "<group>"; };
/* End PBXFileReference section */

/* Begin PBXFrameworksBuildPhase section */
		A22598512975660400FAC5F4 /* Frameworks */ = {
			isa = PBXFrameworksBuildPhase;
			buildActionMask = 2147483647;
			files = (
				A2DE4F1D29774F3D00222772 /* Moya in Frameworks */,
				A225989829757A6F00FAC5F4 /* SDWebImage in Frameworks */,
			);
			runOnlyForDeploymentPostprocessing = 0;
		};
/* End PBXFrameworksBuildPhase section */

/* Begin PBXGroup section */
		A225984B2975660400FAC5F4 = {
			isa = PBXGroup;
			children = (
				A22598562975660400FAC5F4 /* HTProject */,
				A22598552975660400FAC5F4 /* Products */,
			);
			sourceTree = "<group>";
		};
		A22598552975660400FAC5F4 /* Products */ = {
			isa = PBXGroup;
			children = (
				A22598542975660400FAC5F4 /* PokedexDemo.app */,
			);
			name = Products;
			sourceTree = "<group>";
		};
		A22598562975660400FAC5F4 /* HTProject */ = {
			isa = PBXGroup;
			children = (
				A225986B29756EA600FAC5F4 /* Application */,
				A2CF291D2975AB3F00A24F9C /* Constants */,
				A2259882297571F800FAC5F4 /* Controllers */,
				A2D0C755298024E600AF6A17 /* Extensions */,
				A225987329756F6C00FAC5F4 /* Flows */,
				A22598892975747A00FAC5F4 /* Helpers */,
				A2D45B672976C1900050CE7C /* Resources */,
				A225986C29756EDD00FAC5F4 /* Services */,
				A2259891297577BD00FAC5F4 /* UI */,
			);
			path = HTProject;
			sourceTree = "<group>";
		};
		A225986B29756EA600FAC5F4 /* Application */ = {
			isa = PBXGroup;
			children = (
				A22598572975660400FAC5F4 /* AppDelegate.swift */,
				A22598592975660400FAC5F4 /* SceneDelegate.swift */,
				A22598652975660600FAC5F4 /* Info.plist */,
			);
			path = Application;
			sourceTree = "<group>";
		};
		A225986C29756EDD00FAC5F4 /* Services */ = {
			isa = PBXGroup;
			children = (
				A225988C297576E600FAC5F4 /* Networks */,
				A225986D29756EE400FAC5F4 /* Coordinators */,
			);
			path = Services;
			sourceTree = "<group>";
		};
		A225986D29756EE400FAC5F4 /* Coordinators */ = {
			isa = PBXGroup;
			children = (
				A2D45B582976BBBB0050CE7C /* Base */,
				A225987229756F6100FAC5F4 /* Flows */,
			);
			path = Coordinators;
			sourceTree = "<group>";
		};
		A225987229756F6100FAC5F4 /* Flows */ = {
			isa = PBXGroup;
			children = (
				A2D45B592976BBD90050CE7C /* PokedexFlowCoordinator.swift */,
			);
			path = Flows;
			sourceTree = "<group>";
		};
		A225987329756F6C00FAC5F4 /* Flows */ = {
			isa = PBXGroup;
			children = (
				A2D45B4C2976B4950050CE7C /* InitFlow */,
				A225987429756F7400FAC5F4 /* PokedexFlow */,
			);
			path = Flows;
			sourceTree = "<group>";
		};
		A225987429756F7400FAC5F4 /* PokedexFlow */ = {
			isa = PBXGroup;
			children = (
				A225987529756F8100FAC5F4 /* Pokedex */,
				A2D45B5B2976BD740050CE7C /* PokedexDetail */,
			);
			path = PokedexFlow;
			sourceTree = "<group>";
		};
		A225987529756F8100FAC5F4 /* Pokedex */ = {
			isa = PBXGroup;
			children = (
				A2DE4F142977304800222772 /* Models */,
				A225987D2975700000FAC5F4 /* Protocols */,
				A225987B29756FD000FAC5F4 /* PokedexAssembly.swift */,
				A225987929756FC600FAC5F4 /* PokedexPresenter.swift */,
				A225987729756FB300FAC5F4 /* PokedexViewController.swift */,
			);
			path = Pokedex;
			sourceTree = "<group>";
		};
		A225987D2975700000FAC5F4 /* Protocols */ = {
			isa = PBXGroup;
			children = (
				A225987E2975702100FAC5F4 /* PokedexPresenterProtocol.swift */,
				A22598802975702F00FAC5F4 /* PokedexViewProtocol.swift */,
			);
			path = Protocols;
			sourceTree = "<group>";
		};
		A2259882297571F800FAC5F4 /* Controllers */ = {
			isa = PBXGroup;
			children = (
				A22598832975720800FAC5F4 /* BaseViewController.swift */,
				A22598872975732600FAC5F4 /* BaseNavigationController.swift */,
			);
			path = Controllers;
			sourceTree = "<group>";
		};
		A22598892975747A00FAC5F4 /* Helpers */ = {
			isa = PBXGroup;
			children = (
				A2D0C75A2980739000AF6A17 /* TextHelper */,
				A225988A2975748C00FAC5F4 /* MagicLayout.swift */,
			);
			path = Helpers;
			sourceTree = "<group>";
		};
		A225988C297576E600FAC5F4 /* Networks */ = {
			isa = PBXGroup;
			children = (
				A225988D297576F200FAC5F4 /* Pokedex */,
			);
			path = Networks;
			sourceTree = "<group>";
		};
		A225988D297576F200FAC5F4 /* Pokedex */ = {
			isa = PBXGroup;
			children = (
				A2DE4F242977500700222772 /* Moya */,
				A225988E2975770000FAC5F4 /* Models */,
				A2DE4F2229774FF700222772 /* PokedexManagerProtocol.swift */,
			);
			path = Pokedex;
			sourceTree = "<group>";
		};
		A225988E2975770000FAC5F4 /* Models */ = {
			isa = PBXGroup;
			children = (
				A2DE4F252977526A00222772 /* PokemonListDTO.swift */,
				A225988F2975771000FAC5F4 /* PokemonListResponse.swift */,
				A2C137142977D6F200252558 /* PokemonResponse.swift */,
				A2C137162977D70400252558 /* PokemonSpeciesResponse.swift */,
			);
			path = Models;
			sourceTree = "<group>";
		};
		A2259891297577BD00FAC5F4 /* UI */ = {
			isa = PBXGroup;
			children = (
				A2D45B6A2976CC2C0050CE7C /* Constants */,
				A2CF29202975AE3100A24F9C /* Resources */,
				A2259892297577D100FAC5F4 /* Views */,
			);
			path = UI;
			sourceTree = "<group>";
		};
		A2259892297577D100FAC5F4 /* Views */ = {
			isa = PBXGroup;
			children = (
				A2D0C738297FFB0700AF6A17 /* Tags */,
				A2D45B6D2976D1960050CE7C /* Buttons */,
				A2259893297577D800FAC5F4 /* Cells */,
			);
			path = Views;
			sourceTree = "<group>";
		};
		A2259893297577D800FAC5F4 /* Cells */ = {
			isa = PBXGroup;
			children = (
				A2259894297577EC00FAC5F4 /* PokedexCell.swift */,
				A225989929757BA800FAC5F4 /* PokedexCell+Model.swift */,
			);
			name = Cells;
			sourceTree = "<group>";
		};
		A2C1371A2977E60600252558 /* Strings */ = {
			isa = PBXGroup;
			children = (
				A2C1371B2977E61D00252558 /* Strings+Pokedex.swift */,
				A2D0C75129801BB300AF6A17 /* Strings+Init.swift */,
				A2D0C75D2980853000AF6A17 /* String+PokedexDetail.swift */,
			);
			path = Strings;
			sourceTree = "<group>";
		};
		A2CF291D2975AB3F00A24F9C /* Constants */ = {
			isa = PBXGroup;
			children = (
				A2C1371A2977E60600252558 /* Strings */,
				A2CF291E2975AB5000A24F9C /* Constants.swift */,
			);
			path = Constants;
			sourceTree = "<group>";
		};
		A2CF29202975AE3100A24F9C /* Resources */ = {
			isa = PBXGroup;
			children = (
				A2D0C741298005B300AF6A17 /* Fonts */,
				A2CF29212975AEA200A24F9C /* Colors.xcassets */,
				A2D0C74F29801A5100AF6A17 /* Images.xcassets */,
			);
			path = Resources;
			sourceTree = "<group>";
		};
		A2D0C738297FFB0700AF6A17 /* Tags */ = {
			isa = PBXGroup;
			children = (
				A2D0C739297FFB1E00AF6A17 /* TagView.swift */,
				A2D0C73B297FFB2800AF6A17 /* TagView+Model.swift */,
				A2D0C73D297FFB6400AF6A17 /* TagViewItem.swift */,
				A2D0C73F297FFB7100AF6A17 /* TagViewItem+Model.swift */,
			);
			name = Tags;
			sourceTree = "<group>";
		};
		A2D0C741298005B300AF6A17 /* Fonts */ = {
			isa = PBXGroup;
			children = (
				A2D0C744298005DB00AF6A17 /* SF-Pro-Text-Bold.otf */,
				A2D0C742298005DB00AF6A17 /* SF-Pro-Text-Medium.otf */,
				A2D0C743298005DB00AF6A17 /* SF-Pro-Text-Regular.otf */,
			);
			path = Fonts;
			sourceTree = "<group>";
		};
		A2D0C755298024E600AF6A17 /* Extensions */ = {
			isa = PBXGroup;
			children = (
				A2D0C756298024FF00AF6A17 /* Int+String.swift */,
			);
			path = Extensions;
			sourceTree = "<group>";
		};
		A2D0C75A2980739000AF6A17 /* TextHelper */ = {
			isa = PBXGroup;
			children = (
				A2D0C74A2980073D00AF6A17 /* TextHelper.swift */,
				A2D0C7532980200900AF6A17 /* TextHelper+Init.swift */,
				A2D0C74C2980075D00AF6A17 /* TextHelper+Pokedex.swift */,
				A2D0C75B298073AF00AF6A17 /* TextHelper+PokedexDetail.swift */,
			);
			path = TextHelper;
			sourceTree = "<group>";
		};
		A2D45B4C2976B4950050CE7C /* InitFlow */ = {
			isa = PBXGroup;
			children = (
				A2DE4F0D29770A7700222772 /* Models */,
				A2D45B4D2976B4AB0050CE7C /* Protocols */,
				A2D45B562976B57B0050CE7C /* InitAssembly.swift */,
				A2D45B542976B5700050CE7C /* InitPresenter.swift */,
				A2D45B522976B5660050CE7C /* InitViewController.swift */,
			);
			path = InitFlow;
			sourceTree = "<group>";
		};
		A2D45B4D2976B4AB0050CE7C /* Protocols */ = {
			isa = PBXGroup;
			children = (
				A2D45B4E2976B54B0050CE7C /* InitPresenterProtocol.swift */,
				A2D45B502976B5590050CE7C /* InitViewProtocol.swift */,
			);
			path = Protocols;
			sourceTree = "<group>";
		};
		A2D45B582976BBBB0050CE7C /* Base */ = {
			isa = PBXGroup;
			children = (
				A225987029756F2C00FAC5F4 /* AppCoordinator.swift */,
				A225986E29756F1200FAC5F4 /* CoordinatorProtocol.swift */,
				A22598852975730900FAC5F4 /* SceneDelegateService.swift */,
			);
			path = Base;
			sourceTree = "<group>";
		};
		A2D45B5B2976BD740050CE7C /* PokedexDetail */ = {
			isa = PBXGroup;
			children = (
				A2DE4F152977304E00222772 /* Models */,
				A2D45B5C2976BDFD0050CE7C /* Protocols */,
				A2D45B652976BE570050CE7C /* PokedexDetailAssembly.swift */,
				A2D45B632976BE490050CE7C /* PokedexDetailPresenter.swift */,
				A2D45B612976BE350050CE7C /* PokedexDetailViewController.swift */,
			);
			path = PokedexDetail;
			sourceTree = "<group>";
		};
		A2D45B5C2976BDFD0050CE7C /* Protocols */ = {
			isa = PBXGroup;
			children = (
				A2D45B5D2976BE1B0050CE7C /* PokedexDetailPresenterProtocol.swift */,
				A2D45B5F2976BE2A0050CE7C /* PokedexDetailViewProtocol.swift */,
			);
			path = Protocols;
			sourceTree = "<group>";
		};
		A2D45B672976C1900050CE7C /* Resources */ = {
			isa = PBXGroup;
			children = (
				A22598602975660600FAC5F4 /* Assets.xcassets */,
				A22598622975660600FAC5F4 /* LaunchScreen.storyboard */,
				A2D45B682976C24D0050CE7C /* LaunchScreenAssets.xcassets */,
				A2C137182977E52400252558 /* Localizable.strings */,
			);
			path = Resources;
			sourceTree = "<group>";
		};
		A2D45B6A2976CC2C0050CE7C /* Constants */ = {
			isa = PBXGroup;
			children = (
				A2D45B6B2976CC3D0050CE7C /* Colors.swift */,
				A2D0C748298006DC00AF6A17 /* Fonts.swift */,
			);
			path = Constants;
			sourceTree = "<group>";
		};
		A2D45B6D2976D1960050CE7C /* Buttons */ = {
			isa = PBXGroup;
			children = (
				A2D45B6E2976D1A80050CE7C /* RoundButton.swift */,
				A2D45B702976D22C0050CE7C /* PokedexButton.swift */,
				A2DE4F10297717F700222772 /* NavigationButton.swift */,
				A2DE4F122977180E00222772 /* NavigationButtonType.swift */,
			);
			name = Buttons;
			sourceTree = "<group>";
		};
		A2DE4F0D29770A7700222772 /* Models */ = {
			isa = PBXGroup;
			children = (
				A2DE4F0E29770A8700222772 /* InitModel.swift */,
			);
			path = Models;
			sourceTree = "<group>";
		};
		A2DE4F142977304800222772 /* Models */ = {
			isa = PBXGroup;
			children = (
				A2DE4F162977305E00222772 /* PokedexModel.swift */,
			);
			path = Models;
			sourceTree = "<group>";
		};
		A2DE4F152977304E00222772 /* Models */ = {
			isa = PBXGroup;
			children = (
				A2DE4F182977306B00222772 /* PokedexDetailModel.swift */,
			);
			path = Models;
			sourceTree = "<group>";
		};
		A2DE4F242977500700222772 /* Moya */ = {
			isa = PBXGroup;
			children = (
				A2DE4F1E29774FDB00222772 /* PokedexTarget.swift */,
				A2DE4F2029774FE800222772 /* PokedexManager.swift */,
			);
			path = Moya;
			sourceTree = "<group>";
		};
/* End PBXGroup section */

/* Begin PBXNativeTarget section */
		A22598532975660400FAC5F4 /* HTProject */ = {
			isa = PBXNativeTarget;
			buildConfigurationList = A22598682975660600FAC5F4 /* Build configuration list for PBXNativeTarget "HTProject" */;
			buildPhases = (
				A22598502975660400FAC5F4 /* Sources */,
				A22598512975660400FAC5F4 /* Frameworks */,
				A22598522975660400FAC5F4 /* Resources */,
				A2DE4F1A297743C000222772 /* SwiftLint */,
			);
			buildRules = (
			);
			dependencies = (
			);
			name = HTProject;
			packageProductDependencies = (
				A225989729757A6F00FAC5F4 /* SDWebImage */,
				A2DE4F1C29774F3D00222772 /* Moya */,
			);
			productName = HTProject;
			productReference = A22598542975660400FAC5F4 /* PokedexDemo.app */;
			productType = "com.apple.product-type.application";
		};
/* End PBXNativeTarget section */

/* Begin PBXProject section */
		A225984C2975660400FAC5F4 /* Project object */ = {
			isa = PBXProject;
			attributes = {
				BuildIndependentTargetsInParallel = 1;
				LastSwiftUpdateCheck = 1420;
				LastUpgradeCheck = 1420;
				TargetAttributes = {
					A22598532975660400FAC5F4 = {
						CreatedOnToolsVersion = 14.2;
					};
				};
			};
			buildConfigurationList = A225984F2975660400FAC5F4 /* Build configuration list for PBXProject "HTProject" */;
			compatibilityVersion = "Xcode 14.0";
			developmentRegion = en;
			hasScannedForEncodings = 0;
			knownRegions = (
				en,
				Base,
			);
			mainGroup = A225984B2975660400FAC5F4;
			packageReferences = (
				A225989629757A6F00FAC5F4 /* XCRemoteSwiftPackageReference "SDWebImage" */,
				A2DE4F1B29774F3D00222772 /* XCRemoteSwiftPackageReference "Moya" */,
			);
			productRefGroup = A22598552975660400FAC5F4 /* Products */;
			projectDirPath = "";
			projectRoot = "";
			targets = (
				A22598532975660400FAC5F4 /* HTProject */,
			);
		};
/* End PBXProject section */

/* Begin PBXResourcesBuildPhase section */
		A22598522975660400FAC5F4 /* Resources */ = {
			isa = PBXResourcesBuildPhase;
			buildActionMask = 2147483647;
			files = (
				A2D0C75029801A5100AF6A17 /* Images.xcassets in Resources */,
				A2C137192977E52400252558 /* Localizable.strings in Resources */,
				A22598642975660600FAC5F4 /* LaunchScreen.storyboard in Resources */,
				A2D0C747298005DB00AF6A17 /* SF-Pro-Text-Bold.otf in Resources */,
				A2D0C745298005DB00AF6A17 /* SF-Pro-Text-Medium.otf in Resources */,
				A2D45B692976C24D0050CE7C /* LaunchScreenAssets.xcassets in Resources */,
				A2CF29222975AEA300A24F9C /* Colors.xcassets in Resources */,
				A22598612975660600FAC5F4 /* Assets.xcassets in Resources */,
				A2D0C746298005DB00AF6A17 /* SF-Pro-Text-Regular.otf in Resources */,
			);
			runOnlyForDeploymentPostprocessing = 0;
		};
/* End PBXResourcesBuildPhase section */

/* Begin PBXShellScriptBuildPhase section */
		A2DE4F1A297743C000222772 /* SwiftLint */ = {
			isa = PBXShellScriptBuildPhase;
			buildActionMask = 2147483647;
			files = (
			);
			inputFileListPaths = (
			);
			inputPaths = (
			);
			name = SwiftLint;
			outputFileListPaths = (
			);
			outputPaths = (
			);
			runOnlyForDeploymentPostprocessing = 0;
			shellPath = /bin/sh;
			shellScript = "export PATH=\"$PATH:/opt/homebrew/bin\"\nif which swiftlint > /dev/null; then\n  swiftlint\nelse\n  echo \"warning: SwiftLint not installed, download from https://github.com/realm/SwiftLint\"\nfi\n";
		};
/* End PBXShellScriptBuildPhase section */

/* Begin PBXSourcesBuildPhase section */
		A22598502975660400FAC5F4 /* Sources */ = {
			isa = PBXSourcesBuildPhase;
			buildActionMask = 2147483647;
			files = (
				A225989A29757BA800FAC5F4 /* PokedexCell+Model.swift in Sources */,
				A2D45B552976B5700050CE7C /* InitPresenter.swift in Sources */,
				A2D45B512976B5590050CE7C /* InitViewProtocol.swift in Sources */,
				A2D45B532976B5660050CE7C /* InitViewController.swift in Sources */,
				A2C1371C2977E61D00252558 /* Strings+Pokedex.swift in Sources */,
				A2CF291F2975AB5000A24F9C /* Constants.swift in Sources */,
				A2D45B662976BE570050CE7C /* PokedexDetailAssembly.swift in Sources */,
				A2D45B6F2976D1A80050CE7C /* RoundButton.swift in Sources */,
				A2DE4F2329774FF700222772 /* PokedexManagerProtocol.swift in Sources */,
				A22598582975660400FAC5F4 /* AppDelegate.swift in Sources */,
				A2D0C73E297FFB6400AF6A17 /* TagViewItem.swift in Sources */,
				A2D0C75E2980853000AF6A17 /* String+PokedexDetail.swift in Sources */,
				A2D0C73C297FFB2800AF6A17 /* TagView+Model.swift in Sources */,
				A225987A29756FC600FAC5F4 /* PokedexPresenter.swift in Sources */,
				A225988B2975748C00FAC5F4 /* MagicLayout.swift in Sources */,
				A2D0C75C298073AF00AF6A17 /* TextHelper+PokedexDetail.swift in Sources */,
				A2DE4F262977526A00222772 /* PokemonListDTO.swift in Sources */,
				A225987C29756FD000FAC5F4 /* PokedexAssembly.swift in Sources */,
				A2D0C749298006DC00AF6A17 /* Fonts.swift in Sources */,
				A2D45B602976BE2A0050CE7C /* PokedexDetailViewProtocol.swift in Sources */,
				A2DE4F172977305E00222772 /* PokedexModel.swift in Sources */,
				A2D45B5A2976BBD90050CE7C /* PokedexFlowCoordinator.swift in Sources */,
				A2D0C74B2980073D00AF6A17 /* TextHelper.swift in Sources */,
				A2D45B4F2976B54B0050CE7C /* InitPresenterProtocol.swift in Sources */,
				A2DE4F192977306B00222772 /* PokedexDetailModel.swift in Sources */,
				A2D45B712976D22C0050CE7C /* PokedexButton.swift in Sources */,
				A2DE4F132977180E00222772 /* NavigationButtonType.swift in Sources */,
				A2DE4F2129774FE800222772 /* PokedexManager.swift in Sources */,
				A2DE4F0F29770A8700222772 /* InitModel.swift in Sources */,
				A22598812975702F00FAC5F4 /* PokedexViewProtocol.swift in Sources */,
				A2DE4F1F29774FDB00222772 /* PokedexTarget.swift in Sources */,
				A2D45B5E2976BE1B0050CE7C /* PokedexDetailPresenterProtocol.swift in Sources */,
				A2D45B622976BE350050CE7C /* PokedexDetailViewController.swift in Sources */,
				A2D45B572976B57B0050CE7C /* InitAssembly.swift in Sources */,
				A2D45B642976BE490050CE7C /* PokedexDetailPresenter.swift in Sources */,
				A2D0C75229801BB300AF6A17 /* Strings+Init.swift in Sources */,
				A225987129756F2C00FAC5F4 /* AppCoordinator.swift in Sources */,
				A2D0C740297FFB7100AF6A17 /* TagViewItem+Model.swift in Sources */,
				A22598842975720800FAC5F4 /* BaseViewController.swift in Sources */,
				A2D45B6C2976CC3D0050CE7C /* Colors.swift in Sources */,
				A22598862975730900FAC5F4 /* SceneDelegateService.swift in Sources */,
				A22598902975771000FAC5F4 /* PokemonListResponse.swift in Sources */,
				A2D0C7542980200900AF6A17 /* TextHelper+Init.swift in Sources */,
				A2C137172977D70400252558 /* PokemonSpeciesResponse.swift in Sources */,
				A2D0C757298024FF00AF6A17 /* Int+String.swift in Sources */,
				A2D0C73A297FFB1E00AF6A17 /* TagView.swift in Sources */,
				A225986F29756F1200FAC5F4 /* CoordinatorProtocol.swift in Sources */,
				A22598882975732600FAC5F4 /* BaseNavigationController.swift in Sources */,
				A225987F2975702100FAC5F4 /* PokedexPresenterProtocol.swift in Sources */,
				A2C137152977D6F200252558 /* PokemonResponse.swift in Sources */,
				A2DE4F11297717F700222772 /* NavigationButton.swift in Sources */,
				A225985A2975660400FAC5F4 /* SceneDelegate.swift in Sources */,
				A2D0C74D2980075D00AF6A17 /* TextHelper+Pokedex.swift in Sources */,
				A225987829756FB300FAC5F4 /* PokedexViewController.swift in Sources */,
				A2259895297577EC00FAC5F4 /* PokedexCell.swift in Sources */,
			);
			runOnlyForDeploymentPostprocessing = 0;
		};
/* End PBXSourcesBuildPhase section */

/* Begin PBXVariantGroup section */
		A22598622975660600FAC5F4 /* LaunchScreen.storyboard */ = {
			isa = PBXVariantGroup;
			children = (
				A22598632975660600FAC5F4 /* Base */,
			);
			name = LaunchScreen.storyboard;
			sourceTree = "<group>";
		};
/* End PBXVariantGroup section */

/* Begin XCBuildConfiguration section */
		A22598662975660600FAC5F4 /* Debug */ = {
			isa = XCBuildConfiguration;
			buildSettings = {
				ALWAYS_SEARCH_USER_PATHS = NO;
				CLANG_ANALYZER_NONNULL = YES;
				CLANG_ANALYZER_NUMBER_OBJECT_CONVERSION = YES_AGGRESSIVE;
				CLANG_CXX_LANGUAGE_STANDARD = "gnu++20";
				CLANG_ENABLE_MODULES = YES;
				CLANG_ENABLE_OBJC_ARC = YES;
				CLANG_ENABLE_OBJC_WEAK = YES;
				CLANG_WARN_BLOCK_CAPTURE_AUTORELEASING = YES;
				CLANG_WARN_BOOL_CONVERSION = YES;
				CLANG_WARN_COMMA = YES;
				CLANG_WARN_CONSTANT_CONVERSION = YES;
				CLANG_WARN_DEPRECATED_OBJC_IMPLEMENTATIONS = YES;
				CLANG_WARN_DIRECT_OBJC_ISA_USAGE = YES_ERROR;
				CLANG_WARN_DOCUMENTATION_COMMENTS = YES;
				CLANG_WARN_EMPTY_BODY = YES;
				CLANG_WARN_ENUM_CONVERSION = YES;
				CLANG_WARN_INFINITE_RECURSION = YES;
				CLANG_WARN_INT_CONVERSION = YES;
				CLANG_WARN_NON_LITERAL_NULL_CONVERSION = YES;
				CLANG_WARN_OBJC_IMPLICIT_RETAIN_SELF = YES;
				CLANG_WARN_OBJC_LITERAL_CONVERSION = YES;
				CLANG_WARN_OBJC_ROOT_CLASS = YES_ERROR;
				CLANG_WARN_QUOTED_INCLUDE_IN_FRAMEWORK_HEADER = YES;
				CLANG_WARN_RANGE_LOOP_ANALYSIS = YES;
				CLANG_WARN_STRICT_PROTOTYPES = YES;
				CLANG_WARN_SUSPICIOUS_MOVE = YES;
				CLANG_WARN_UNGUARDED_AVAILABILITY = YES_AGGRESSIVE;
				CLANG_WARN_UNREACHABLE_CODE = YES;
				CLANG_WARN__DUPLICATE_METHOD_MATCH = YES;
				COPY_PHASE_STRIP = NO;
				DEBUG_INFORMATION_FORMAT = dwarf;
				ENABLE_STRICT_OBJC_MSGSEND = YES;
				ENABLE_TESTABILITY = YES;
				GCC_C_LANGUAGE_STANDARD = gnu11;
				GCC_DYNAMIC_NO_PIC = NO;
				GCC_NO_COMMON_BLOCKS = YES;
				GCC_OPTIMIZATION_LEVEL = 0;
				GCC_PREPROCESSOR_DEFINITIONS = (
					"DEBUG=1",
					"$(inherited)",
				);
				GCC_WARN_64_TO_32_BIT_CONVERSION = YES;
				GCC_WARN_ABOUT_RETURN_TYPE = YES_ERROR;
				GCC_WARN_UNDECLARED_SELECTOR = YES;
				GCC_WARN_UNINITIALIZED_AUTOS = YES_AGGRESSIVE;
				GCC_WARN_UNUSED_FUNCTION = YES;
				GCC_WARN_UNUSED_VARIABLE = YES;
				IPHONEOS_DEPLOYMENT_TARGET = 16.2;
				MTL_ENABLE_DEBUG_INFO = INCLUDE_SOURCE;
				MTL_FAST_MATH = YES;
				ONLY_ACTIVE_ARCH = YES;
				SDKROOT = iphoneos;
				SWIFT_ACTIVE_COMPILATION_CONDITIONS = DEBUG;
				SWIFT_OPTIMIZATION_LEVEL = "-Onone";
			};
			name = Debug;
		};
		A22598672975660600FAC5F4 /* Release */ = {
			isa = XCBuildConfiguration;
			buildSettings = {
				ALWAYS_SEARCH_USER_PATHS = NO;
				CLANG_ANALYZER_NONNULL = YES;
				CLANG_ANALYZER_NUMBER_OBJECT_CONVERSION = YES_AGGRESSIVE;
				CLANG_CXX_LANGUAGE_STANDARD = "gnu++20";
				CLANG_ENABLE_MODULES = YES;
				CLANG_ENABLE_OBJC_ARC = YES;
				CLANG_ENABLE_OBJC_WEAK = YES;
				CLANG_WARN_BLOCK_CAPTURE_AUTORELEASING = YES;
				CLANG_WARN_BOOL_CONVERSION = YES;
				CLANG_WARN_COMMA = YES;
				CLANG_WARN_CONSTANT_CONVERSION = YES;
				CLANG_WARN_DEPRECATED_OBJC_IMPLEMENTATIONS = YES;
				CLANG_WARN_DIRECT_OBJC_ISA_USAGE = YES_ERROR;
				CLANG_WARN_DOCUMENTATION_COMMENTS = YES;
				CLANG_WARN_EMPTY_BODY = YES;
				CLANG_WARN_ENUM_CONVERSION = YES;
				CLANG_WARN_INFINITE_RECURSION = YES;
				CLANG_WARN_INT_CONVERSION = YES;
				CLANG_WARN_NON_LITERAL_NULL_CONVERSION = YES;
				CLANG_WARN_OBJC_IMPLICIT_RETAIN_SELF = YES;
				CLANG_WARN_OBJC_LITERAL_CONVERSION = YES;
				CLANG_WARN_OBJC_ROOT_CLASS = YES_ERROR;
				CLANG_WARN_QUOTED_INCLUDE_IN_FRAMEWORK_HEADER = YES;
				CLANG_WARN_RANGE_LOOP_ANALYSIS = YES;
				CLANG_WARN_STRICT_PROTOTYPES = YES;
				CLANG_WARN_SUSPICIOUS_MOVE = YES;
				CLANG_WARN_UNGUARDED_AVAILABILITY = YES_AGGRESSIVE;
				CLANG_WARN_UNREACHABLE_CODE = YES;
				CLANG_WARN__DUPLICATE_METHOD_MATCH = YES;
				COPY_PHASE_STRIP = NO;
				DEBUG_INFORMATION_FORMAT = "dwarf-with-dsym";
				ENABLE_NS_ASSERTIONS = NO;
				ENABLE_STRICT_OBJC_MSGSEND = YES;
				GCC_C_LANGUAGE_STANDARD = gnu11;
				GCC_NO_COMMON_BLOCKS = YES;
				GCC_WARN_64_TO_32_BIT_CONVERSION = YES;
				GCC_WARN_ABOUT_RETURN_TYPE = YES_ERROR;
				GCC_WARN_UNDECLARED_SELECTOR = YES;
				GCC_WARN_UNINITIALIZED_AUTOS = YES_AGGRESSIVE;
				GCC_WARN_UNUSED_FUNCTION = YES;
				GCC_WARN_UNUSED_VARIABLE = YES;
				IPHONEOS_DEPLOYMENT_TARGET = 16.2;
				MTL_ENABLE_DEBUG_INFO = NO;
				MTL_FAST_MATH = YES;
				SDKROOT = iphoneos;
				SWIFT_COMPILATION_MODE = wholemodule;
				SWIFT_OPTIMIZATION_LEVEL = "-O";
				VALIDATE_PRODUCT = YES;
			};
			name = Release;
		};
		A22598692975660600FAC5F4 /* Debug */ = {
			isa = XCBuildConfiguration;
			buildSettings = {
				ASSETCATALOG_COMPILER_APPICON_NAME = AppIcon;
				ASSETCATALOG_COMPILER_GLOBAL_ACCENT_COLOR_NAME = AccentColor;
				CODE_SIGN_STYLE = Automatic;
				CURRENT_PROJECT_VERSION = 1;
				DEVELOPMENT_TEAM = L84MEYNYS7;
				GENERATE_INFOPLIST_FILE = YES;
				INFOPLIST_FILE = HTProject/Application/Info.plist;
				INFOPLIST_KEY_UIApplicationSupportsIndirectInputEvents = YES;
				INFOPLIST_KEY_UILaunchStoryboardName = LaunchScreen;
				INFOPLIST_KEY_UIMainStoryboardFile = "";
				INFOPLIST_KEY_UISupportedInterfaceOrientations_iPad = "UIInterfaceOrientationPortrait UIInterfaceOrientationPortraitUpsideDown UIInterfaceOrientationLandscapeLeft UIInterfaceOrientationLandscapeRight";
				INFOPLIST_KEY_UISupportedInterfaceOrientations_iPhone = "UIInterfaceOrientationPortrait UIInterfaceOrientationLandscapeLeft UIInterfaceOrientationLandscapeRight";
				LD_RUNPATH_SEARCH_PATHS = (
					"$(inherited)",
					"@executable_path/Frameworks",
				);
				MARKETING_VERSION = 1.0;
				PRODUCT_BUNDLE_IDENTIFIER = omg.havefun.HTProject;
				PRODUCT_NAME = PokedexDemo;
				SWIFT_EMIT_LOC_STRINGS = YES;
				SWIFT_VERSION = 5.0;
				TARGETED_DEVICE_FAMILY = "1,2";
			};
			name = Debug;
		};
		A225986A2975660600FAC5F4 /* Release */ = {
			isa = XCBuildConfiguration;
			buildSettings = {
				ASSETCATALOG_COMPILER_APPICON_NAME = AppIcon;
				ASSETCATALOG_COMPILER_GLOBAL_ACCENT_COLOR_NAME = AccentColor;
				CODE_SIGN_STYLE = Automatic;
				CURRENT_PROJECT_VERSION = 1;
				DEVELOPMENT_TEAM = L84MEYNYS7;
				GENERATE_INFOPLIST_FILE = YES;
				INFOPLIST_FILE = HTProject/Application/Info.plist;
				INFOPLIST_KEY_UIApplicationSupportsIndirectInputEvents = YES;
				INFOPLIST_KEY_UILaunchStoryboardName = LaunchScreen;
				INFOPLIST_KEY_UIMainStoryboardFile = "";
				INFOPLIST_KEY_UISupportedInterfaceOrientations_iPad = "UIInterfaceOrientationPortrait UIInterfaceOrientationPortraitUpsideDown UIInterfaceOrientationLandscapeLeft UIInterfaceOrientationLandscapeRight";
				INFOPLIST_KEY_UISupportedInterfaceOrientations_iPhone = "UIInterfaceOrientationPortrait UIInterfaceOrientationLandscapeLeft UIInterfaceOrientationLandscapeRight";
				LD_RUNPATH_SEARCH_PATHS = (
					"$(inherited)",
					"@executable_path/Frameworks",
				);
				MARKETING_VERSION = 1.0;
				PRODUCT_BUNDLE_IDENTIFIER = omg.havefun.HTProject;
				PRODUCT_NAME = PokedexDemo;
				SWIFT_EMIT_LOC_STRINGS = YES;
				SWIFT_VERSION = 5.0;
				TARGETED_DEVICE_FAMILY = "1,2";
			};
			name = Release;
		};
/* End XCBuildConfiguration section */

/* Begin XCConfigurationList section */
		A225984F2975660400FAC5F4 /* Build configuration list for PBXProject "HTProject" */ = {
			isa = XCConfigurationList;
			buildConfigurations = (
				A22598662975660600FAC5F4 /* Debug */,
				A22598672975660600FAC5F4 /* Release */,
			);
			defaultConfigurationIsVisible = 0;
			defaultConfigurationName = Release;
		};
		A22598682975660600FAC5F4 /* Build configuration list for PBXNativeTarget "HTProject" */ = {
			isa = XCConfigurationList;
			buildConfigurations = (
				A22598692975660600FAC5F4 /* Debug */,
				A225986A2975660600FAC5F4 /* Release */,
			);
			defaultConfigurationIsVisible = 0;
			defaultConfigurationName = Release;
		};
/* End XCConfigurationList section */

/* Begin XCRemoteSwiftPackageReference section */
		A225989629757A6F00FAC5F4 /* XCRemoteSwiftPackageReference "SDWebImage" */ = {
			isa = XCRemoteSwiftPackageReference;
			repositoryURL = "https://github.com/SDWebImage/SDWebImage.git";
			requirement = {
				branch = master;
				kind = branch;
			};
		};
		A2DE4F1B29774F3D00222772 /* XCRemoteSwiftPackageReference "Moya" */ = {
			isa = XCRemoteSwiftPackageReference;
			repositoryURL = "https://github.com/Moya/Moya.git";
			requirement = {
				branch = master;
				kind = branch;
			};
		};
/* End XCRemoteSwiftPackageReference section */

/* Begin XCSwiftPackageProductDependency section */
		A225989729757A6F00FAC5F4 /* SDWebImage */ = {
			isa = XCSwiftPackageProductDependency;
			package = A225989629757A6F00FAC5F4 /* XCRemoteSwiftPackageReference "SDWebImage" */;
			productName = SDWebImage;
		};
		A2DE4F1C29774F3D00222772 /* Moya */ = {
			isa = XCSwiftPackageProductDependency;
			package = A2DE4F1B29774F3D00222772 /* XCRemoteSwiftPackageReference "Moya" */;
			productName = Moya;
		};
/* End XCSwiftPackageProductDependency section */
	};
	rootObject = A225984C2975660400FAC5F4 /* Project object */;
}
